
Microsoft Visual Studio Solution File, Format Version 12.00
# Visual Studio Version 17
VisualStudioVersion = 17.14.36212.18
MinimumVisualStudioVersion = 10.0.40219.1
Project("{FAE04EC0-301F-11D3-BF4B-00C04F79EFBC}") = "DesignPatterns", "DesignPatterns.csproj", "{54BEE3C4-9716-4040-804B-0DD1EB47D535}"
EndProject
Project("{FAE04EC0-301F-11D3-BF4B-00C04F79EFBC}") = "SingletonPattern", "..\SingletonPattern\SingletonPattern.csproj", "{E984C3FB-5F4E-4E80-BBFA-32C165A73740}"
EndProject
Project("{FAE04EC0-301F-11D3-BF4B-00C04F79EFBC}") = "FactoryMethodPattern", "..\FactoryMethodPattern\FactoryMethodPattern.csproj", "{8E7E7D87-276E-48B3-8E74-F541FF991FA1}"
EndProject
Project("{FAE04EC0-301F-11D3-BF4B-00C04F79EFBC}") = "AdapterPattern", "..\AdapterPattern\AdapterPattern.csproj", "{A81C39B4-1FE0-4EC5-AEC5-7F47EBE69A5D}"
EndProject
Project("{FAE04EC0-301F-11D3-BF4B-00C04F79EFBC}") = "DecoratorPattern", "..\DecoratorPattern\DecoratorPattern.csproj", "{26A0D376-5B75-430E-94CF-30FD87309E37}"
EndProject
Project("{FAE04EC0-301F-11D3-BF4B-00C04F79EFBC}") = "FacadePattern", "..\FacadePattern\FacadePattern.csproj", "{3B527E4D-E005-47CD-B6A2-8518F0829851}"
EndProject
Project("{FAE04EC0-301F-11D3-BF4B-00C04F79EFBC}") = "BuilderPattern", "..\BuilderPattern\BuilderPattern.csproj", "{DD4A5C52-3009-434D-92C5-BE075E60BA29}"
EndProject
Global
	GlobalSection(SolutionConfigurationPlatforms) = preSolution
		Debug|Any CPU = Debug|Any CPU
		Release|Any CPU = Release|Any CPU
	EndGlobalSection
	GlobalSection(ProjectConfigurationPlatforms) = postSolution
		{54BEE3C4-9716-4040-804B-0DD1EB47D535}.Debug|Any CPU.ActiveCfg = Debug|Any CPU
		{54BEE3C4-9716-4040-804B-0DD1EB47D535}.Debug|Any CPU.Build.0 = Debug|Any CPU
		{54BEE3C4-9716-4040-804B-0DD1EB47D535}.Release|Any CPU.ActiveCfg = Release|Any CPU
		{54BEE3C4-9716-4040-804B-0DD1EB47D535}.Release|Any CPU.Build.0 = Release|Any CPU
		{E984C3FB-5F4E-4E80-BBFA-32C165A73740}.Debug|Any CPU.ActiveCfg = Debug|Any CPU
		{E984C3FB-5F4E-4E80-BBFA-32C165A73740}.Debug|Any CPU.Build.0 = Debug|Any CPU
		{E984C3FB-5F4E-4E80-BBFA-32C165A73740}.Release|Any CPU.ActiveCfg = Release|Any CPU
		{E984C3FB-5F4E-4E80-BBFA-32C165A73740}.Release|Any CPU.Build.0 = Release|Any CPU
		{8E7E7D87-276E-48B3-8E74-F541FF991FA1}.Debug|Any CPU.ActiveCfg = Debug|Any CPU
		{8E7E7D87-276E-48B3-8E74-F541FF991FA1}.Debug|Any CPU.Build.0 = Debug|Any CPU
		{8E7E7D87-276E-48B3-8E74-F541FF991FA1}.Release|Any CPU.ActiveCfg = Release|Any CPU
		{8E7E7D87-276E-48B3-8E74-F541FF991FA1}.Release|Any CPU.Build.0 = Release|Any CPU
		{A81C39B4-1FE0-4EC5-AEC5-7F47EBE69A5D}.Debug|Any CPU.ActiveCfg = Debug|Any CPU
		{A81C39B4-1FE0-4EC5-AEC5-7F47EBE69A5D}.Debug|Any CPU.Build.0 = Debug|Any CPU
		{A81C39B4-1FE0-4EC5-AEC5-7F47EBE69A5D}.Release|Any CPU.ActiveCfg = Release|Any CPU
		{A81C39B4-1FE0-4EC5-AEC5-7F47EBE69A5D}.Release|Any CPU.Build.0 = Release|Any CPU
		{26A0D376-5B75-430E-94CF-30FD87309E37}.Debug|Any CPU.ActiveCfg = Debug|Any CPU
		{26A0D376-5B75-430E-94CF-30FD87309E37}.Debug|Any CPU.Build.0 = Debug|Any CPU
		{26A0D376-5B75-430E-94CF-30FD87309E37}.Release|Any CPU.ActiveCfg = Release|Any CPU
		{26A0D376-5B75-430E-94CF-30FD87309E37}.Release|Any CPU.Build.0 = Release|Any CPU
		{3B527E4D-E005-47CD-B6A2-8518F0829851}.Debug|Any CPU.ActiveCfg = Debug|Any CPU
		{3B527E4D-E005-47CD-B6A2-8518F0829851}.Debug|Any CPU.Build.0 = Debug|Any CPU
		{3B527E4D-E005-47CD-B6A2-8518F0829851}.Release|Any CPU.ActiveCfg = Release|Any CPU
		{3B527E4D-E005-47CD-B6A2-8518F0829851}.Release|Any CPU.Build.0 = Release|Any CPU
		{DD4A5C52-3009-434D-92C5-BE075E60BA29}.Debug|Any CPU.ActiveCfg = Debug|Any CPU
		{DD4A5C52-3009-434D-92C5-BE075E60BA29}.Debug|Any CPU.Build.0 = Debug|Any CPU
		{DD4A5C52-3009-434D-92C5-BE075E60BA29}.Release|Any CPU.ActiveCfg = Release|Any CPU
		{DD4A5C52-3009-434D-92C5-BE075E60BA29}.Release|Any CPU.Build.0 = Release|Any CPU
	EndGlobalSection
	GlobalSection(SolutionProperties) = preSolution
		HideSolutionNode = FALSE
	EndGlobalSection
	GlobalSection(ExtensibilityGlobals) = postSolution
		SolutionGuid = {A9D52568-A2D9-4ED4-88B1-7D44B5B5F47F}
	EndGlobalSection
EndGlobal
